{
	"name": "space-x-explorers",
	"version": "0.0.1",
	"lockfileVersion": 2,
	"requires": true,
	"packages": {
		"": {
			"name": "space-x-explorers",
			"version": "0.0.1",
			"devDependencies": {
				"@sveltejs/adapter-auto": "^1.0.0",
				"@sveltejs/kit": "^1.0.0",
				"prettier": "^2.8.0",
				"prettier-plugin-svelte": "^2.8.1",
				"svelte": "^3.54.0",
				"vite": "^4.0.0"
			}
		},
		"node_modules/@jridgewell/sourcemap-codec": {
			"version": "1.4.14",
			"dev": true,
			"license": "MIT"
		},
		"node_modules/@polka/url": {
			"version": "1.0.0-next.21",
			"dev": true,
			"license": "MIT"
		},
		"node_modules/@sveltejs/adapter-auto": {
			"version": "1.0.0",
			"dev": true,
			"license": "MIT",
			"dependencies": {
				"import-meta-resolve": "^2.2.0"
			},
			"peerDependencies": {
				"@sveltejs/kit": "^1.0.0"
			}
		},
		"node_modules/@sveltejs/kit": {
			"version": "1.0.10",
			"dev": true,
			"hasInstallScript": true,
			"license": "MIT",
			"dependencies": {
				"@sveltejs/vite-plugin-svelte": "^2.0.0",
				"@types/cookie": "^0.5.1",
				"cookie": "^0.5.0",
				"devalue": "^4.2.0",
				"esm-env": "^1.0.0",
				"kleur": "^4.1.5",
				"magic-string": "^0.27.0",
				"mime": "^3.0.0",
				"sade": "^1.8.1",
				"set-cookie-parser": "^2.5.1",
				"sirv": "^2.0.2",
				"tiny-glob": "^0.2.9",
				"undici": "5.14.0"
			},
			"bin": {
				"svelte-kit": "svelte-kit.js"
			},
			"engines": {
				"node": "^16.14 || >=18"
			},
			"peerDependencies": {
				"svelte": "^3.54.0",
				"vite": "^4.0.0"
			}
		},
		"node_modules/@sveltejs/vite-plugin-svelte": {
			"version": "2.0.2",
			"dev": true,
			"license": "MIT",
			"dependencies": {
				"debug": "^4.3.4",
				"deepmerge": "^4.2.2",
				"kleur": "^4.1.5",
				"magic-string": "^0.27.0",
				"svelte-hmr": "^0.15.1",
				"vitefu": "^0.2.3"
			},
			"engines": {
				"node": "^14.18.0 || >= 16"
			},
			"peerDependencies": {
				"svelte": "^3.54.0",
				"vite": "^4.0.0"
			}
		},
		"node_modules/@types/cookie": {
			"version": "0.5.1",
			"dev": true,
			"license": "MIT"
		},
		"node_modules/busboy": {
			"version": "1.6.0",
			"dev": true,
			"dependencies": {
				"streamsearch": "^1.1.0"
			},
			"engines": {
				"node": ">=10.16.0"
			}
		},
		"node_modules/cookie": {
			"version": "0.5.0",
			"dev": true,
			"license": "MIT",
			"engines": {
				"node": ">= 0.6"
			}
		},
		"node_modules/debug": {
			"version": "4.3.4",
			"dev": true,
			"license": "MIT",
			"dependencies": {
				"ms": "2.1.2"
			},
			"engines": {
				"node": ">=6.0"
			},
			"peerDependenciesMeta": {
				"supports-color": {
					"optional": true
				}
			}
		},
		"node_modules/deepmerge": {
			"version": "4.2.2",
			"dev": true,
			"license": "MIT",
			"engines": {
				"node": ">=0.10.0"
			}
		},
		"node_modules/devalue": {
			"version": "4.2.0",
			"dev": true,
			"license": "MIT"
		},
		"node_modules/esbuild": {
			"version": "0.16.16",
			"dev": true,
			"hasInstallScript": true,
			"license": "MIT",
			"bin": {
				"esbuild": "bin/esbuild"
			},
			"engines": {
				"node": ">=12"
			},
			"optionalDependencies": {
				"@esbuild/android-arm": "0.16.16",
				"@esbuild/android-arm64": "0.16.16",
				"@esbuild/android-x64": "0.16.16",
				"@esbuild/darwin-arm64": "0.16.16",
				"@esbuild/darwin-x64": "0.16.16",
				"@esbuild/freebsd-arm64": "0.16.16",
				"@esbuild/freebsd-x64": "0.16.16",
				"@esbuild/linux-arm": "0.16.16",
				"@esbuild/linux-arm64": "0.16.16",
				"@esbuild/linux-ia32": "0.16.16",
				"@esbuild/linux-loong64": "0.16.16",
				"@esbuild/linux-mips64el": "0.16.16",
				"@esbuild/linux-ppc64": "0.16.16",
				"@esbuild/linux-riscv64": "0.16.16",
				"@esbuild/linux-s390x": "0.16.16",
				"@esbuild/linux-x64": "0.16.16",
				"@esbuild/netbsd-x64": "0.16.16",
				"@esbuild/openbsd-x64": "0.16.16",
				"@esbuild/sunos-x64": "0.16.16",
				"@esbuild/win32-arm64": "0.16.16",
				"@esbuild/win32-ia32": "0.16.16",
				"@esbuild/win32-x64": "0.16.16"
			}
		},
		"node_modules/esbuild/node_modules/@esbuild/android-arm": {
			"version": "0.16.16",
			"resolved": "https://registry.npmjs.org/@esbuild/android-arm/-/android-arm-0.16.16.tgz",
			"integrity": "sha512-BUuWMlt4WSXod1HSl7aGK8fJOsi+Tab/M0IDK1V1/GstzoOpqc/v3DqmN8MkuapPKQ9Br1WtLAN4uEgWR8x64A==",
			"cpu": [
				"arm"
			],
			"dev": true,
			"optional": true,
			"os": [
				"android"
			],
			"engines": {
				"node": ">=12"
			}
		},
		"node_modules/esbuild/node_modules/@esbuild/android-arm64": {
			"version": "0.16.16",
			"resolved": "https://registry.npmjs.org/@esbuild/android-arm64/-/android-arm64-0.16.16.tgz",
			"integrity": "sha512-hFHVAzUKp9Tf8psGq+bDVv+6hTy1bAOoV/jJMUWwhUnIHsh6WbFMhw0ZTkqDuh7TdpffFoHOiIOIxmHc7oYRBQ==",
			"cpu": [
				"arm64"
			],
			"dev": true,
			"optional": true,
			"os": [
				"android"
			],
			"engines": {
				"node": ">=12"
			}
		},
		"node_modules/esbuild/node_modules/@esbuild/android-x64": {
			"version": "0.16.16",
			"resolved": "https://registry.npmjs.org/@esbuild/android-x64/-/android-x64-0.16.16.tgz",
			"integrity": "sha512-9WhxJpeb6XumlfivldxqmkJepEcELekmSw3NkGrs+Edq6sS5KRxtUBQuKYDD7KqP59dDkxVbaoPIQFKWQG0KLg==",
			"cpu": [
				"x64"
			],
			"dev": true,
			"optional": true,
			"os": [
				"android"
			],
			"engines": {
				"node": ">=12"
			}
		},
		"node_modules/esbuild/node_modules/@esbuild/darwin-arm64": {
			"version": "0.16.16",
			"resolved": "https://registry.npmjs.org/@esbuild/darwin-arm64/-/darwin-arm64-0.16.16.tgz",
			"integrity": "sha512-8Z+wld+vr/prHPi2O0X7o1zQOfMbXWGAw9hT0jEyU/l/Yrg+0Z3FO9pjPho72dVkZs4ewZk0bDOFLdZHm8jEfw==",
			"cpu": [
				"arm64"
			],
			"dev": true,
			"optional": true,
			"os": [
				"darwin"
			],
			"engines": {
				"node": ">=12"
			}
		},
		"node_modules/esbuild/node_modules/@esbuild/darwin-x64": {
			"version": "0.16.16",
			"resolved": "https://registry.npmjs.org/@esbuild/darwin-x64/-/darwin-x64-0.16.16.tgz",
			"integrity": "sha512-CYkxVvkZzGCqFrt7EgjFxQKhlUPyDkuR9P0Y5wEcmJqVI8ncerOIY5Kej52MhZyzOBXkYrJgZeVZC9xXXoEg9A==",
			"cpu": [
				"x64"
			],
			"dev": true,
			"optional": true,
			"os": [
				"darwin"
			],
			"engines": {
				"node": ">=12"
			}
		},
		"node_modules/esbuild/node_modules/@esbuild/freebsd-arm64": {
			"version": "0.16.16",
			"resolved": "https://registry.npmjs.org/@esbuild/freebsd-arm64/-/freebsd-arm64-0.16.16.tgz",
			"integrity": "sha512-fxrw4BYqQ39z/3Ja9xj/a1gMsVq0xEjhSyI4a9MjfvDDD8fUV8IYliac96i7tzZc3+VytyXX+XNsnpEk5sw5Wg==",
			"cpu": [
				"arm64"
			],
			"dev": true,
			"optional": true,
			"os": [
				"freebsd"
			],
			"engines": {
				"node": ">=12"
			}
		},
		"node_modules/esbuild/node_modules/@esbuild/freebsd-x64": {
			"version": "0.16.16",
			"resolved": "https://registry.npmjs.org/@esbuild/freebsd-x64/-/freebsd-x64-0.16.16.tgz",
			"integrity": "sha512-8p3v1D+du2jiDvSoNVimHhj7leSfST9YlKsAEO7etBfuqjaBMndo0fmjNLp0JCMld+XIx9L80tooOkyUv1a1PQ==",
			"cpu": [
				"x64"
			],
			"dev": true,
			"optional": true,
			"os": [
				"freebsd"
			],
			"engines": {
				"node": ">=12"
			}
		},
		"node_modules/esbuild/node_modules/@esbuild/linux-arm": {
			"version": "0.16.16",
			"resolved": "https://registry.npmjs.org/@esbuild/linux-arm/-/linux-arm-0.16.16.tgz",
			"integrity": "sha512-bYaocE1/PTMRmkgSckZ0D0Xn2nox8v2qlk+MVVqm+VECNKDdZvghVZtH41dNtBbwADSvA6qkCHGYeWm9LrNCBw==",
			"cpu": [
				"arm"
			],
			"dev": true,
			"optional": true,
			"os": [
				"linux"
			],
			"engines": {
				"node": ">=12"
			}
		},
		"node_modules/esbuild/node_modules/@esbuild/linux-arm64": {
			"version": "0.16.16",
			"resolved": "https://registry.npmjs.org/@esbuild/linux-arm64/-/linux-arm64-0.16.16.tgz",
			"integrity": "sha512-N3u6BBbCVY3xeP2D8Db7QY8I+nZ+2AgOopUIqk+5yCoLnsWkcVxD2ay5E9iIdvApFi1Vg1lZiiwaVp8bOpAc4A==",
			"cpu": [
				"arm64"
			],
			"dev": true,
			"optional": true,
			"os": [
				"linux"
			],
			"engines": {
				"node": ">=12"
			}
		},
		"node_modules/esbuild/node_modules/@esbuild/linux-ia32": {
			"version": "0.16.16",
			"resolved": "https://registry.npmjs.org/@esbuild/linux-ia32/-/linux-ia32-0.16.16.tgz",
			"integrity": "sha512-dxjqLKUW8GqGemoRT9v8IgHk+T4tRm1rn1gUcArsp26W9EkK/27VSjBVUXhEG5NInHZ92JaQ3SSMdTwv/r9a2A==",
			"cpu": [
				"ia32"
			],
			"dev": true,
			"optional": true,
			"os": [
				"linux"
			],
			"engines": {
				"node": ">=12"
			}
		},
		"node_modules/esbuild/node_modules/@esbuild/linux-loong64": {
			"version": "0.16.16",
			"resolved": "https://registry.npmjs.org/@esbuild/linux-loong64/-/linux-loong64-0.16.16.tgz",
			"integrity": "sha512-MdUFggHjRiCCwNE9+1AibewoNq6wf94GLB9Q9aXwl+a75UlRmbRK3h6WJyrSGA6ZstDJgaD2wiTSP7tQNUYxwA==",
			"cpu": [
				"loong64"
			],
			"dev": true,
			"optional": true,
			"os": [
				"linux"
			],
			"engines": {
				"node": ">=12"
			}
		},
		"node_modules/esbuild/node_modules/@esbuild/linux-mips64el": {
			"version": "0.16.16",
			"resolved": "https://registry.npmjs.org/@esbuild/linux-mips64el/-/linux-mips64el-0.16.16.tgz",
			"integrity": "sha512-CO3YmO7jYMlGqGoeFeKzdwx/bx8Vtq/SZaMAi+ZLDUnDUdfC7GmGwXzIwDJ70Sg+P9pAemjJyJ1icKJ9R3q/Fg==",
			"cpu": [
				"mips64el"
			],
			"dev": true,
			"optional": true,
			"os": [
				"linux"
			],
			"engines": {
				"node": ">=12"
			}
		},
		"node_modules/esbuild/node_modules/@esbuild/linux-ppc64": {
			"version": "0.16.16",
			"resolved": "https://registry.npmjs.org/@esbuild/linux-ppc64/-/linux-ppc64-0.16.16.tgz",
			"integrity": "sha512-DSl5Czh5hCy/7azX0Wl9IdzPHX2H8clC6G87tBnZnzUpNgRxPFhfmArbaHoAysu4JfqCqbB/33u/GL9dUgCBAw==",
			"cpu": [
				"ppc64"
			],
			"dev": true,
			"optional": true,
			"os": [
				"linux"
			],
			"engines": {
				"node": ">=12"
			}
		},
		"node_modules/esbuild/node_modules/@esbuild/linux-riscv64": {
			"version": "0.16.16",
			"resolved": "https://registry.npmjs.org/@esbuild/linux-riscv64/-/linux-riscv64-0.16.16.tgz",
			"integrity": "sha512-sSVVMEXsqf1fQu0j7kkhXMViroixU5XoaJXl1u/u+jbXvvhhCt9YvA/B6VM3aM/77HuRQ94neS5bcisijGnKFQ==",
			"cpu": [
				"riscv64"
			],
			"dev": true,
			"optional": true,
			"os": [
				"linux"
			],
			"engines": {
				"node": ">=12"
			}
		},
		"node_modules/esbuild/node_modules/@esbuild/linux-s390x": {
			"version": "0.16.16",
			"resolved": "https://registry.npmjs.org/@esbuild/linux-s390x/-/linux-s390x-0.16.16.tgz",
			"integrity": "sha512-jRqBCre9gZGoCdCN/UWCCMwCMsOg65IpY9Pyj56mKCF5zXy9d60kkNRdDN6YXGjr3rzcC4DXnS/kQVCGcC4yPQ==",
			"cpu": [
				"s390x"
			],
			"dev": true,
			"optional": true,
			"os": [
				"linux"
			],
			"engines": {
				"node": ">=12"
			}
		},
		"node_modules/esbuild/node_modules/@esbuild/linux-x64": {
			"version": "0.16.16",
			"resolved": "https://registry.npmjs.org/@esbuild/linux-x64/-/linux-x64-0.16.16.tgz",
			"integrity": "sha512-G1+09TopOzo59/55lk5Q0UokghYLyHTKKzD5lXsAOOlGDbieGEFJpJBr3BLDbf7cz89KX04sBeExAR/pL/26sA==",
			"cpu": [
				"x64"
			],
			"dev": true,
			"optional": true,
			"os": [
				"linux"
			],
			"engines": {
				"node": ">=12"
			}
		},
		"node_modules/esbuild/node_modules/@esbuild/netbsd-x64": {
			"version": "0.16.16",
			"resolved": "https://registry.npmjs.org/@esbuild/netbsd-x64/-/netbsd-x64-0.16.16.tgz",
			"integrity": "sha512-xwjGJB5wwDEujLaJIrSMRqWkbigALpBNcsF9SqszoNKc+wY4kPTdKrSxiY5ik3IatojePP+WV108MvF6q6np4w==",
			"cpu": [
				"x64"
			],
			"dev": true,
			"optional": true,
			"os": [
				"netbsd"
			],
			"engines": {
				"node": ">=12"
			}
		},
		"node_modules/esbuild/node_modules/@esbuild/openbsd-x64": {
			"version": "0.16.16",
			"resolved": "https://registry.npmjs.org/@esbuild/openbsd-x64/-/openbsd-x64-0.16.16.tgz",
			"integrity": "sha512-yeERkoxG2nR2oxO5n+Ms7MsCeNk23zrby2GXCqnfCpPp7KNc0vxaaacIxb21wPMfXXRhGBrNP4YLIupUBrWdlg==",
			"cpu": [
				"x64"
			],
			"dev": true,
			"optional": true,
			"os": [
				"openbsd"
			],
			"engines": {
				"node": ">=12"
			}
		},
		"node_modules/esbuild/node_modules/@esbuild/sunos-x64": {
			"version": "0.16.16",
			"resolved": "https://registry.npmjs.org/@esbuild/sunos-x64/-/sunos-x64-0.16.16.tgz",
			"integrity": "sha512-nHfbEym0IObXPhtX6Va3H5GaKBty2kdhlAhKmyCj9u255ktAj0b1YACUs9j5H88NRn9cJCthD1Ik/k9wn8YKVg==",
			"cpu": [
				"x64"
			],
			"dev": true,
			"optional": true,
			"os": [
				"sunos"
			],
			"engines": {
				"node": ">=12"
			}
		},
		"node_modules/esbuild/node_modules/@esbuild/win32-arm64": {
			"version": "0.16.16",
			"resolved": "https://registry.npmjs.org/@esbuild/win32-arm64/-/win32-arm64-0.16.16.tgz",
			"integrity": "sha512-pdD+M1ZOFy4hE15ZyPX09fd5g4DqbbL1wXGY90YmleVS6Y5YlraW4BvHjim/X/4yuCpTsAFvsT4Nca2lbyDH/A==",
			"cpu": [
				"arm64"
			],
			"dev": true,
			"optional": true,
			"os": [
				"win32"
			],
			"engines": {
				"node": ">=12"
			}
		},
		"node_modules/esbuild/node_modules/@esbuild/win32-ia32": {
			"version": "0.16.16",
			"resolved": "https://registry.npmjs.org/@esbuild/win32-ia32/-/win32-ia32-0.16.16.tgz",
			"integrity": "sha512-IPEMfU9p0c3Vb8PqxaPX6BM9rYwlTZGYOf9u+kMdhoILZkVKEjq6PKZO0lB+isojWwAnAqh4ZxshD96njTXajg==",
			"cpu": [
				"ia32"
			],
			"dev": true,
			"optional": true,
			"os": [
				"win32"
			],
			"engines": {
				"node": ">=12"
			}
		},
		"node_modules/esbuild/node_modules/@esbuild/win32-x64": {
			"version": "0.16.16",
			"resolved": "https://registry.npmjs.org/@esbuild/win32-x64/-/win32-x64-0.16.16.tgz",
			"integrity": "sha512-1YYpoJ39WV/2bnShPwgdzJklc+XS0bysN6Tpnt1cWPdeoKOG4RMEY1g7i534QxXX/rPvNx/NLJQTTCeORYzipg==",
			"cpu": [
				"x64"
			],
			"dev": true,
			"optional": true,
			"os": [
				"win32"
			],
			"engines": {
				"node": ">=12"
			}
		},
		"node_modules/esm-env": {
			"version": "1.0.0",
			"dev": true,
			"license": "MIT"
		},
		"node_modules/function-bind": {
			"version": "1.1.1",
			"dev": true,
			"license": "MIT"
		},
		"node_modules/globalyzer": {
			"version": "0.1.0",
			"dev": true,
			"license": "MIT"
		},
		"node_modules/globrex": {
			"version": "0.1.2",
			"dev": true,
			"license": "MIT"
		},
		"node_modules/has": {
			"version": "1.0.3",
			"dev": true,
			"license": "MIT",
			"dependencies": {
				"function-bind": "^1.1.1"
			},
			"engines": {
				"node": ">= 0.4.0"
			}
		},
		"node_modules/import-meta-resolve": {
			"version": "2.2.1",
			"dev": true,
			"license": "MIT",
			"funding": {
				"type": "github",
				"url": "https://github.com/sponsors/wooorm"
			}
		},
		"node_modules/is-core-module": {
			"version": "2.11.0",
			"dev": true,
			"license": "MIT",
			"dependencies": {
				"has": "^1.0.3"
			},
			"funding": {
				"url": "https://github.com/sponsors/ljharb"
			}
		},
		"node_modules/kleur": {
			"version": "4.1.5",
			"dev": true,
			"license": "MIT",
			"engines": {
				"node": ">=6"
			}
		},
		"node_modules/magic-string": {
			"version": "0.27.0",
			"dev": true,
			"license": "MIT",
			"dependencies": {
				"@jridgewell/sourcemap-codec": "^1.4.13"
			},
			"engines": {
				"node": ">=12"
			}
		},
		"node_modules/mime": {
			"version": "3.0.0",
			"dev": true,
			"license": "MIT",
			"bin": {
				"mime": "cli.js"
			},
			"engines": {
				"node": ">=10.0.0"
			}
		},
		"node_modules/mri": {
			"version": "1.2.0",
			"dev": true,
			"license": "MIT",
			"engines": {
				"node": ">=4"
			}
		},
		"node_modules/mrmime": {
			"version": "1.0.1",
			"dev": true,
			"license": "MIT",
			"engines": {
				"node": ">=10"
			}
		},
		"node_modules/ms": {
			"version": "2.1.2",
			"dev": true,
			"license": "MIT"
		},
		"node_modules/nanoid": {
			"version": "3.3.4",
			"dev": true,
			"license": "MIT",
			"bin": {
				"nanoid": "bin/nanoid.cjs"
			},
			"engines": {
				"node": "^10 || ^12 || ^13.7 || ^14 || >=15.0.1"
			}
		},
		"node_modules/path-parse": {
			"version": "1.0.7",
			"dev": true,
			"license": "MIT"
		},
		"node_modules/picocolors": {
			"version": "1.0.0",
			"dev": true,
			"license": "ISC"
		},
		"node_modules/postcss": {
			"version": "8.4.21",
			"dev": true,
			"funding": [
				{
					"type": "opencollective",
					"url": "https://opencollective.com/postcss/"
				},
				{
					"type": "tidelift",
					"url": "https://tidelift.com/funding/github/npm/postcss"
				}
			],
			"license": "MIT",
			"dependencies": {
				"nanoid": "^3.3.4",
				"picocolors": "^1.0.0",
				"source-map-js": "^1.0.2"
			},
			"engines": {
				"node": "^10 || ^12 || >=14"
			}
		},
		"node_modules/prettier": {
			"version": "2.8.2",
			"dev": true,
			"license": "MIT",
			"bin": {
				"prettier": "bin-prettier.js"
			},
			"engines": {
				"node": ">=10.13.0"
			},
			"funding": {
				"url": "https://github.com/prettier/prettier?sponsor=1"
			}
		},
		"node_modules/prettier-plugin-svelte": {
			"version": "2.9.0",
			"dev": true,
			"license": "MIT",
			"peerDependencies": {
				"prettier": "^1.16.4 || ^2.0.0",
				"svelte": "^3.2.0"
			}
		},
		"node_modules/resolve": {
			"version": "1.22.1",
			"dev": true,
			"license": "MIT",
			"dependencies": {
				"is-core-module": "^2.9.0",
				"path-parse": "^1.0.7",
				"supports-preserve-symlinks-flag": "^1.0.0"
			},
			"bin": {
				"resolve": "bin/resolve"
			},
			"funding": {
				"url": "https://github.com/sponsors/ljharb"
			}
		},
		"node_modules/rollup": {
			"version": "3.9.1",
			"dev": true,
			"license": "MIT",
			"bin": {
				"rollup": "dist/bin/rollup"
			},
			"engines": {
				"node": ">=14.18.0",
				"npm": ">=8.0.0"
			},
			"optionalDependencies": {
				"fsevents": "~2.3.2"
			}
		},
		"node_modules/rollup/node_modules/fsevents": {
			"version": "2.3.2",
			"resolved": "https://registry.npmjs.org/fsevents/-/fsevents-2.3.2.tgz",
			"integrity": "sha512-xiqMQR4xAeHTuB9uWm+fFRcIOgKBMiOBP+eXiyT7jsgVCq1bkVygt00oASowB7EdtpOHaaPgKt812P9ab+DDKA==",
			"dev": true,
			"hasInstallScript": true,
			"optional": true,
			"os": [
				"darwin"
			],
			"engines": {
				"node": "^8.16.0 || ^10.6.0 || >=11.0.0"
			}
		},
		"node_modules/sade": {
			"version": "1.8.1",
			"dev": true,
			"license": "MIT",
			"dependencies": {
				"mri": "^1.1.0"
			},
			"engines": {
				"node": ">=6"
			}
		},
		"node_modules/set-cookie-parser": {
			"version": "2.5.1",
			"dev": true,
			"license": "MIT"
		},
		"node_modules/sirv": {
			"version": "2.0.2",
			"dev": true,
			"license": "MIT",
			"dependencies": {
				"@polka/url": "^1.0.0-next.20",
				"mrmime": "^1.0.0",
				"totalist": "^3.0.0"
			},
			"engines": {
				"node": ">= 10"
			}
		},
		"node_modules/source-map-js": {
			"version": "1.0.2",
			"dev": true,
			"license": "BSD-3-Clause",
			"engines": {
				"node": ">=0.10.0"
			}
		},
		"node_modules/streamsearch": {
			"version": "1.1.0",
			"dev": true,
			"engines": {
				"node": ">=10.0.0"
			}
		},
		"node_modules/supports-preserve-symlinks-flag": {
			"version": "1.0.0",
			"dev": true,
			"license": "MIT",
			"engines": {
				"node": ">= 0.4"
			},
			"funding": {
				"url": "https://github.com/sponsors/ljharb"
			}
		},
		"node_modules/svelte": {
			"version": "3.55.0",
			"dev": true,
			"license": "MIT",
			"engines": {
				"node": ">= 8"
			}
		},
		"node_modules/svelte-hmr": {
			"version": "0.15.1",
			"dev": true,
			"license": "ISC",
			"engines": {
				"node": "^12.20 || ^14.13.1 || >= 16"
			},
			"peerDependencies": {
				"svelte": ">=3.19.0"
			}
		},
		"node_modules/tiny-glob": {
			"version": "0.2.9",
			"dev": true,
			"license": "MIT",
			"dependencies": {
				"globalyzer": "0.1.0",
				"globrex": "^0.1.2"
			}
		},
		"node_modules/totalist": {
			"version": "3.0.0",
			"dev": true,
			"license": "MIT",
			"engines": {
				"node": ">=6"
			}
		},
		"node_modules/undici": {
			"version": "5.14.0",
			"dev": true,
			"license": "MIT",
			"dependencies": {
				"busboy": "^1.6.0"
			},
			"engines": {
				"node": ">=12.18"
			}
		},
		"node_modules/vite": {
			"version": "4.0.4",
			"dev": true,
			"license": "MIT",
			"dependencies": {
				"esbuild": "^0.16.3",
				"postcss": "^8.4.20",
				"resolve": "^1.22.1",
				"rollup": "^3.7.0"
			},
			"bin": {
				"vite": "bin/vite.js"
			},
			"engines": {
				"node": "^14.18.0 || >=16.0.0"
			},
			"optionalDependencies": {
				"fsevents": "~2.3.2"
			},
			"peerDependencies": {
				"@types/node": ">= 14",
				"less": "*",
				"sass": "*",
				"stylus": "*",
				"sugarss": "*",
				"terser": "^5.4.0"
			},
			"peerDependenciesMeta": {
				"@types/node": {
					"optional": true
				},
				"less": {
					"optional": true
				},
				"sass": {
					"optional": true
				},
				"stylus": {
					"optional": true
				},
				"sugarss": {
					"optional": true
				},
				"terser": {
					"optional": true
				}
			}
		},
		"node_modules/vite/node_modules/fsevents": {
			"version": "2.3.2",
			"resolved": "https://registry.npmjs.org/fsevents/-/fsevents-2.3.2.tgz",
			"integrity": "sha512-xiqMQR4xAeHTuB9uWm+fFRcIOgKBMiOBP+eXiyT7jsgVCq1bkVygt00oASowB7EdtpOHaaPgKt812P9ab+DDKA==",
			"dev": true,
			"hasInstallScript": true,
			"optional": true,
			"os": [
				"darwin"
			],
			"engines": {
				"node": "^8.16.0 || ^10.6.0 || >=11.0.0"
			}
		},
		"node_modules/vitefu": {
			"version": "0.2.4",
			"dev": true,
			"license": "MIT",
			"peerDependencies": {
				"vite": "^3.0.0 || ^4.0.0"
			},
			"peerDependenciesMeta": {
				"vite": {
					"optional": true
				}
			}
		}
	},
	"dependencies": {
		"@jridgewell/sourcemap-codec": {
			"version": "1.4.14",
			"dev": true
		},
		"@polka/url": {
			"version": "1.0.0-next.21",
			"dev": true
		},
		"@sveltejs/adapter-auto": {
			"version": "1.0.0",
			"dev": true,
			"requires": {
				"import-meta-resolve": "^2.2.0"
			}
		},
		"@sveltejs/kit": {
			"version": "1.0.10",
			"dev": true,
			"requires": {
				"@sveltejs/vite-plugin-svelte": "^2.0.0",
				"@types/cookie": "^0.5.1",
				"cookie": "^0.5.0",
				"devalue": "^4.2.0",
				"esm-env": "^1.0.0",
				"kleur": "^4.1.5",
				"magic-string": "^0.27.0",
				"mime": "^3.0.0",
				"sade": "^1.8.1",
				"set-cookie-parser": "^2.5.1",
				"sirv": "^2.0.2",
				"tiny-glob": "^0.2.9",
				"undici": "5.14.0"
			}
		},
		"@sveltejs/vite-plugin-svelte": {
			"version": "2.0.2",
			"dev": true,
			"requires": {
				"debug": "^4.3.4",
				"deepmerge": "^4.2.2",
				"kleur": "^4.1.5",
				"magic-string": "^0.27.0",
				"svelte-hmr": "^0.15.1",
				"vitefu": "^0.2.3"
			}
		},
		"@types/cookie": {
			"version": "0.5.1",
			"dev": true
		},
		"busboy": {
			"version": "1.6.0",
			"dev": true,
			"requires": {
				"streamsearch": "^1.1.0"
			}
		},
		"cookie": {
			"version": "0.5.0",
			"dev": true
		},
		"debug": {
			"version": "4.3.4",
			"dev": true,
			"requires": {
				"ms": "2.1.2"
			}
		},
		"deepmerge": {
			"version": "4.2.2",
			"dev": true
		},
		"devalue": {
			"version": "4.2.0",
			"dev": true
		},
		"esbuild": {
			"version": "0.16.16",
			"dev": true,
			"requires": {
				"@esbuild/android-arm": "0.16.16",
				"@esbuild/android-arm64": "0.16.16",
				"@esbuild/android-x64": "0.16.16",
				"@esbuild/darwin-arm64": "0.16.16",
				"@esbuild/darwin-x64": "0.16.16",
				"@esbuild/freebsd-arm64": "0.16.16",
				"@esbuild/freebsd-x64": "0.16.16",
				"@esbuild/linux-arm": "0.16.16",
				"@esbuild/linux-arm64": "0.16.16",
				"@esbuild/linux-ia32": "0.16.16",
				"@esbuild/linux-loong64": "0.16.16",
				"@esbuild/linux-mips64el": "0.16.16",
				"@esbuild/linux-ppc64": "0.16.16",
				"@esbuild/linux-riscv64": "0.16.16",
				"@esbuild/linux-s390x": "0.16.16",
				"@esbuild/linux-x64": "0.16.16",
				"@esbuild/netbsd-x64": "0.16.16",
				"@esbuild/openbsd-x64": "0.16.16",
				"@esbuild/sunos-x64": "0.16.16",
				"@esbuild/win32-arm64": "0.16.16",
				"@esbuild/win32-ia32": "0.16.16",
				"@esbuild/win32-x64": "0.16.16"
			},
			"dependencies": {
				"@esbuild/android-arm": {
					"version": "0.16.16",
					"resolved": "https://registry.npmjs.org/@esbuild/android-arm/-/android-arm-0.16.16.tgz",
					"integrity": "sha512-BUuWMlt4WSXod1HSl7aGK8fJOsi+Tab/M0IDK1V1/GstzoOpqc/v3DqmN8MkuapPKQ9Br1WtLAN4uEgWR8x64A==",
					"dev": true,
					"optional": true
				},
				"@esbuild/android-arm64": {
					"version": "0.16.16",
					"resolved": "https://registry.npmjs.org/@esbuild/android-arm64/-/android-arm64-0.16.16.tgz",
					"integrity": "sha512-hFHVAzUKp9Tf8psGq+bDVv+6hTy1bAOoV/jJMUWwhUnIHsh6WbFMhw0ZTkqDuh7TdpffFoHOiIOIxmHc7oYRBQ==",
					"dev": true,
					"optional": true
				},
				"@esbuild/android-x64": {
					"version": "0.16.16",
					"resolved": "https://registry.npmjs.org/@esbuild/android-x64/-/android-x64-0.16.16.tgz",
					"integrity": "sha512-9WhxJpeb6XumlfivldxqmkJepEcELekmSw3NkGrs+Edq6sS5KRxtUBQuKYDD7KqP59dDkxVbaoPIQFKWQG0KLg==",
					"dev": true,
					"optional": true
				},
				"@esbuild/darwin-arm64": {
					"version": "0.16.16",
					"resolved": "https://registry.npmjs.org/@esbuild/darwin-arm64/-/darwin-arm64-0.16.16.tgz",
					"integrity": "sha512-8Z+wld+vr/prHPi2O0X7o1zQOfMbXWGAw9hT0jEyU/l/Yrg+0Z3FO9pjPho72dVkZs4ewZk0bDOFLdZHm8jEfw==",
					"dev": true,
					"optional": true
				},
				"@esbuild/darwin-x64": {
					"version": "0.16.16",
					"resolved": "https://registry.npmjs.org/@esbuild/darwin-x64/-/darwin-x64-0.16.16.tgz",
					"integrity": "sha512-CYkxVvkZzGCqFrt7EgjFxQKhlUPyDkuR9P0Y5wEcmJqVI8ncerOIY5Kej52MhZyzOBXkYrJgZeVZC9xXXoEg9A==",
					"dev": true,
					"optional": true
				},
				"@esbuild/freebsd-arm64": {
					"version": "0.16.16",
					"resolved": "https://registry.npmjs.org/@esbuild/freebsd-arm64/-/freebsd-arm64-0.16.16.tgz",
					"integrity": "sha512-fxrw4BYqQ39z/3Ja9xj/a1gMsVq0xEjhSyI4a9MjfvDDD8fUV8IYliac96i7tzZc3+VytyXX+XNsnpEk5sw5Wg==",
					"dev": true,
					"optional": true
				},
				"@esbuild/freebsd-x64": {
					"version": "0.16.16",
					"resolved": "https://registry.npmjs.org/@esbuild/freebsd-x64/-/freebsd-x64-0.16.16.tgz",
					"integrity": "sha512-8p3v1D+du2jiDvSoNVimHhj7leSfST9YlKsAEO7etBfuqjaBMndo0fmjNLp0JCMld+XIx9L80tooOkyUv1a1PQ==",
					"dev": true,
					"optional": true
				},
				"@esbuild/linux-arm": {
					"version": "0.16.16",
					"resolved": "https://registry.npmjs.org/@esbuild/linux-arm/-/linux-arm-0.16.16.tgz",
					"integrity": "sha512-bYaocE1/PTMRmkgSckZ0D0Xn2nox8v2qlk+MVVqm+VECNKDdZvghVZtH41dNtBbwADSvA6qkCHGYeWm9LrNCBw==",
					"dev": true,
					"optional": true
				},
				"@esbuild/linux-arm64": {
					"version": "0.16.16",
					"resolved": "https://registry.npmjs.org/@esbuild/linux-arm64/-/linux-arm64-0.16.16.tgz",
					"integrity": "sha512-N3u6BBbCVY3xeP2D8Db7QY8I+nZ+2AgOopUIqk+5yCoLnsWkcVxD2ay5E9iIdvApFi1Vg1lZiiwaVp8bOpAc4A==",
					"dev": true,
					"optional": true
				},
				"@esbuild/linux-ia32": {
					"version": "0.16.16",
					"resolved": "https://registry.npmjs.org/@esbuild/linux-ia32/-/linux-ia32-0.16.16.tgz",
					"integrity": "sha512-dxjqLKUW8GqGemoRT9v8IgHk+T4tRm1rn1gUcArsp26W9EkK/27VSjBVUXhEG5NInHZ92JaQ3SSMdTwv/r9a2A==",
					"dev": true,
					"optional": true
				},
				"@esbuild/linux-loong64": {
					"version": "0.16.16",
					"resolved": "https://registry.npmjs.org/@esbuild/linux-loong64/-/linux-loong64-0.16.16.tgz",
					"integrity": "sha512-MdUFggHjRiCCwNE9+1AibewoNq6wf94GLB9Q9aXwl+a75UlRmbRK3h6WJyrSGA6ZstDJgaD2wiTSP7tQNUYxwA==",
					"dev": true,
					"optional": true
				},
				"@esbuild/linux-mips64el": {
					"version": "0.16.16",
					"resolved": "https://registry.npmjs.org/@esbuild/linux-mips64el/-/linux-mips64el-0.16.16.tgz",
					"integrity": "sha512-CO3YmO7jYMlGqGoeFeKzdwx/bx8Vtq/SZaMAi+ZLDUnDUdfC7GmGwXzIwDJ70Sg+P9pAemjJyJ1icKJ9R3q/Fg==",
					"dev": true,
					"optional": true
				},
				"@esbuild/linux-ppc64": {
					"version": "0.16.16",
					"resolved": "https://registry.npmjs.org/@esbuild/linux-ppc64/-/linux-ppc64-0.16.16.tgz",
					"integrity": "sha512-DSl5Czh5hCy/7azX0Wl9IdzPHX2H8clC6G87tBnZnzUpNgRxPFhfmArbaHoAysu4JfqCqbB/33u/GL9dUgCBAw==",
					"dev": true,
					"optional": true
				},
				"@esbuild/linux-riscv64": {
					"version": "0.16.16",
					"resolved": "https://registry.npmjs.org/@esbuild/linux-riscv64/-/linux-riscv64-0.16.16.tgz",
					"integrity": "sha512-sSVVMEXsqf1fQu0j7kkhXMViroixU5XoaJXl1u/u+jbXvvhhCt9YvA/B6VM3aM/77HuRQ94neS5bcisijGnKFQ==",
					"dev": true,
					"optional": true
				},
				"@esbuild/linux-s390x": {
					"version": "0.16.16",
					"resolved": "https://registry.npmjs.org/@esbuild/linux-s390x/-/linux-s390x-0.16.16.tgz",
					"integrity": "sha512-jRqBCre9gZGoCdCN/UWCCMwCMsOg65IpY9Pyj56mKCF5zXy9d60kkNRdDN6YXGjr3rzcC4DXnS/kQVCGcC4yPQ==",
					"dev": true,
					"optional": true
				},
				"@esbuild/linux-x64": {
					"version": "0.16.16",
					"resolved": "https://registry.npmjs.org/@esbuild/linux-x64/-/linux-x64-0.16.16.tgz",
					"integrity": "sha512-G1+09TopOzo59/55lk5Q0UokghYLyHTKKzD5lXsAOOlGDbieGEFJpJBr3BLDbf7cz89KX04sBeExAR/pL/26sA==",
					"dev": true,
					"optional": true
				},
				"@esbuild/netbsd-x64": {
					"version": "0.16.16",
					"resolved": "https://registry.npmjs.org/@esbuild/netbsd-x64/-/netbsd-x64-0.16.16.tgz",
					"integrity": "sha512-xwjGJB5wwDEujLaJIrSMRqWkbigALpBNcsF9SqszoNKc+wY4kPTdKrSxiY5ik3IatojePP+WV108MvF6q6np4w==",
					"dev": true,
					"optional": true
				},
				"@esbuild/openbsd-x64": {
					"version": "0.16.16",
					"resolved": "https://registry.npmjs.org/@esbuild/openbsd-x64/-/openbsd-x64-0.16.16.tgz",
					"integrity": "sha512-yeERkoxG2nR2oxO5n+Ms7MsCeNk23zrby2GXCqnfCpPp7KNc0vxaaacIxb21wPMfXXRhGBrNP4YLIupUBrWdlg==",
					"dev": true,
					"optional": true
				},
				"@esbuild/sunos-x64": {
					"version": "0.16.16",
					"resolved": "https://registry.npmjs.org/@esbuild/sunos-x64/-/sunos-x64-0.16.16.tgz",
					"integrity": "sha512-nHfbEym0IObXPhtX6Va3H5GaKBty2kdhlAhKmyCj9u255ktAj0b1YACUs9j5H88NRn9cJCthD1Ik/k9wn8YKVg==",
					"dev": true,
					"optional": true
				},
				"@esbuild/win32-arm64": {
					"version": "0.16.16",
					"resolved": "https://registry.npmjs.org/@esbuild/win32-arm64/-/win32-arm64-0.16.16.tgz",
					"integrity": "sha512-pdD+M1ZOFy4hE15ZyPX09fd5g4DqbbL1wXGY90YmleVS6Y5YlraW4BvHjim/X/4yuCpTsAFvsT4Nca2lbyDH/A==",
					"dev": true,
					"optional": true
				},
				"@esbuild/win32-ia32": {
					"version": "0.16.16",
					"resolved": "https://registry.npmjs.org/@esbuild/win32-ia32/-/win32-ia32-0.16.16.tgz",
					"integrity": "sha512-IPEMfU9p0c3Vb8PqxaPX6BM9rYwlTZGYOf9u+kMdhoILZkVKEjq6PKZO0lB+isojWwAnAqh4ZxshD96njTXajg==",
					"dev": true,
					"optional": true
				},
				"@esbuild/win32-x64": {
					"version": "0.16.16",
					"resolved": "https://registry.npmjs.org/@esbuild/win32-x64/-/win32-x64-0.16.16.tgz",
					"integrity": "sha512-1YYpoJ39WV/2bnShPwgdzJklc+XS0bysN6Tpnt1cWPdeoKOG4RMEY1g7i534QxXX/rPvNx/NLJQTTCeORYzipg==",
					"dev": true,
					"optional": true
				}
			}
		},
		"esm-env": {
			"version": "1.0.0",
			"dev": true
		},
		"function-bind": {
			"version": "1.1.1",
			"dev": true
		},
		"globalyzer": {
			"version": "0.1.0",
			"dev": true
		},
		"globrex": {
			"version": "0.1.2",
			"dev": true
		},
		"has": {
			"version": "1.0.3",
			"dev": true,
			"requires": {
				"function-bind": "^1.1.1"
			}
		},
		"import-meta-resolve": {
			"version": "2.2.1",
			"dev": true
		},
		"is-core-module": {
			"version": "2.11.0",
			"dev": true,
			"requires": {
				"has": "^1.0.3"
			}
		},
		"kleur": {
			"version": "4.1.5",
			"dev": true
		},
		"magic-string": {
			"version": "0.27.0",
			"dev": true,
			"requires": {
				"@jridgewell/sourcemap-codec": "^1.4.13"
			}
		},
		"mime": {
			"version": "3.0.0",
			"dev": true
		},
		"mri": {
			"version": "1.2.0",
			"dev": true
		},
		"mrmime": {
			"version": "1.0.1",
			"dev": true
		},
		"ms": {
			"version": "2.1.2",
			"dev": true
		},
		"nanoid": {
			"version": "3.3.4",
			"dev": true
		},
		"path-parse": {
			"version": "1.0.7",
			"dev": true
		},
		"picocolors": {
			"version": "1.0.0",
			"dev": true
		},
		"postcss": {
			"version": "8.4.21",
			"dev": true,
			"requires": {
				"nanoid": "^3.3.4",
				"picocolors": "^1.0.0",
				"source-map-js": "^1.0.2"
			}
		},
		"prettier": {
			"version": "2.8.2",
			"dev": true
		},
		"prettier-plugin-svelte": {
			"version": "2.9.0",
			"dev": true,
			"requires": {}
		},
		"resolve": {
			"version": "1.22.1",
			"dev": true,
			"requires": {
				"is-core-module": "^2.9.0",
				"path-parse": "^1.0.7",
				"supports-preserve-symlinks-flag": "^1.0.0"
			}
		},
		"rollup": {
			"version": "3.9.1",
			"dev": true,
			"requires": {
				"fsevents": "~2.3.2"
			},
			"dependencies": {
				"fsevents": {
					"version": "2.3.2",
					"resolved": "https://registry.npmjs.org/fsevents/-/fsevents-2.3.2.tgz",
					"integrity": "sha512-xiqMQR4xAeHTuB9uWm+fFRcIOgKBMiOBP+eXiyT7jsgVCq1bkVygt00oASowB7EdtpOHaaPgKt812P9ab+DDKA==",
					"dev": true,
					"optional": true
				}
			}
		},
		"sade": {
			"version": "1.8.1",
			"dev": true,
			"requires": {
				"mri": "^1.1.0"
			}
		},
		"set-cookie-parser": {
			"version": "2.5.1",
			"dev": true
		},
		"sirv": {
			"version": "2.0.2",
			"dev": true,
			"requires": {
				"@polka/url": "^1.0.0-next.20",
				"mrmime": "^1.0.0",
				"totalist": "^3.0.0"
			}
		},
		"source-map-js": {
			"version": "1.0.2",
			"dev": true
		},
		"streamsearch": {
			"version": "1.1.0",
			"dev": true
		},
		"supports-preserve-symlinks-flag": {
			"version": "1.0.0",
			"dev": true
		},
		"svelte": {
			"version": "3.55.0",
			"dev": true
		},
		"svelte-hmr": {
			"version": "0.15.1",
			"dev": true,
			"requires": {}
		},
		"tiny-glob": {
			"version": "0.2.9",
			"dev": true,
			"requires": {
				"globalyzer": "0.1.0",
				"globrex": "^0.1.2"
			}
		},
		"totalist": {
			"version": "3.0.0",
			"dev": true
		},
		"undici": {
			"version": "5.14.0",
			"dev": true,
			"requires": {
				"busboy": "^1.6.0"
			}
		},
		"vite": {
			"version": "4.0.4",
			"dev": true,
			"requires": {
				"esbuild": "^0.16.3",
				"fsevents": "~2.3.2",
				"postcss": "^8.4.20",
				"resolve": "^1.22.1",
				"rollup": "^3.7.0"
			},
			"dependencies": {
				"fsevents": {
					"version": "2.3.2",
					"resolved": "https://registry.npmjs.org/fsevents/-/fsevents-2.3.2.tgz",
					"integrity": "sha512-xiqMQR4xAeHTuB9uWm+fFRcIOgKBMiOBP+eXiyT7jsgVCq1bkVygt00oASowB7EdtpOHaaPgKt812P9ab+DDKA==",
					"dev": true,
					"optional": true
				}
			}
		},
		"vitefu": {
			"version": "0.2.4",
			"dev": true,
			"requires": {}
		}
	}
}
